
Microsoft Visual Studio Solution File, Format Version 12.00
# Visual Studio Version 17
VisualStudioVersion = 17.1.32228.430
MinimumVisualStudioVersion = 10.0.40219.1
Project("{FAE04EC0-301F-11D3-BF4B-00C04F79EFBC}") = "GroupProjectBuilders", "GroupProjectBuilders\GroupProjectBuilders.csproj", "{C65C81C2-2DAE-459E-A050-00DF918B5A82}"
EndProject
Global
	GlobalSection(SolutionConfigurationPlatforms) = preSolution
		Debug|Any CPU = Debug|Any CPU
		Release|Any CPU = Release|Any CPU
	EndGlobalSection
	GlobalSection(ProjectConfigurationPlatforms) = postSolution
		{C65C81C2-2DAE-459E-A050-00DF918B5A82}.Debug|Any CPU.ActiveCfg = Debug|Any CPU
		{C65C81C2-2DAE-459E-A050-00DF918B5A82}.Debug|Any CPU.Build.0 = Debug|Any CPU
		{C65C81C2-2DAE-459E-A050-00DF918B5A82}.Release|Any CPU.ActiveCfg = Release|Any CPU
		{C65C81C2-2DAE-459E-A050-00DF918B5A82}.Release|Any CPU.Build.0 = Release|Any CPU
	EndGlobalSection
	GlobalSection(SolutionProperties) = preSolution
		HideSolutionNode = FALSE
	EndGlobalSection
	GlobalSection(ExtensibilityGlobals) = postSolution
		SolutionGuid = {F7BE766C-F52B-4760-B96B-89A83D831D6E}
	EndGlobalSection
EndGlobal
